
Microsoft Visual Studio Solution File, Format Version 12.00
# Visual Studio Version 17
VisualStudioVersion = 17.6.33829.357
MinimumVisualStudioVersion = 10.0.40219.1
Project("{FAE04EC0-301F-11D3-BF4B-00C04F79EFBC}") = "NotDefterim", "NotDefterim\NotDefterim.csproj", "{D20AB724-8421-4F43-84C5-EA10ABD70796}"
EndProject
Global
	GlobalSection(SolutionConfigurationPlatforms) = preSolution
		Debug|Any CPU = Debug|Any CPU
		Release|Any CPU = Release|Any CPU
	EndGlobalSection
	GlobalSection(ProjectConfigurationPlatforms) = postSolution
		{D20AB724-8421-4F43-84C5-EA10ABD70796}.Debug|Any CPU.ActiveCfg = Debug|Any CPU
		{D20AB724-8421-4F43-84C5-EA10ABD70796}.Debug|Any CPU.Build.0 = Debug|Any CPU
		{D20AB724-8421-4F43-84C5-EA10ABD70796}.Release|Any CPU.ActiveCfg = Release|Any CPU
		{D20AB724-8421-4F43-84C5-EA10ABD70796}.Release|Any CPU.Build.0 = Release|Any CPU
	EndGlobalSection
	GlobalSection(SolutionProperties) = preSolution
		HideSolutionNode = FALSE
	EndGlobalSection
	GlobalSection(ExtensibilityGlobals) = postSolution
		SolutionGuid = {27E10D9D-CB1E-42BF-8A1D-F7CCE46A81B0}
	EndGlobalSection
EndGlobal
